
Microsoft Visual Studio Solution File, Format Version 12.00
# Visual Studio Version 17
VisualStudioVersion = 17.5.2.0
MinimumVisualStudioVersion = 10.0.40219.1
Project("{FAE04EC0-301F-11D3-BF4B-00C04F79EFBC}") = "tehtävä15", "tehtävä15\tehtävä15.csproj", "{ED40463B-EFF0-B621-9831-AECF93B31E1B}"
EndProject
Project("{FAE04EC0-301F-11D3-BF4B-00C04F79EFBC}") = "tehtävä12", "tehtävä12\tehtävä12.csproj", "{F34AD901-2B39-8AA4-F753-5CE5AFFBFFF0}"
EndProject
Project("{FAE04EC0-301F-11D3-BF4B-00C04F79EFBC}") = "tehtävä24", "tehtävä24\tehtävä24.csproj", "{6A181A51-7EAB-5842-060C-B35E41CA6773}"
EndProject
Project("{FAE04EC0-301F-11D3-BF4B-00C04F79EFBC}") = "tehtävä23", "tehtävä23\tehtävä23.csproj", "{B8ABD9E6-2208-3FD7-6A82-51A98221D454}"
EndProject
Project("{FAE04EC0-301F-11D3-BF4B-00C04F79EFBC}") = "tehtävä22", "tehtävä22\tehtävä22.csproj", "{FBAEEF77-FDFB-2F06-94CF-DEEF81FE5D6A}"
EndProject
Project("{FAE04EC0-301F-11D3-BF4B-00C04F79EFBC}") = "tehtävä25", "tehtävä25\tehtävä25.csproj", "{781680FF-8EBA-4BCD-BB80-10FA1A1FEDE4}"
EndProject
Project("{FAE04EC0-301F-11D3-BF4B-00C04F79EFBC}") = "tehtävä13", "tehtävä13\tehtävä13.csproj", "{3518DD8E-77E0-1FC1-DB3C-CE7C16B8A1F8}"
EndProject
Project("{FAE04EC0-301F-11D3-BF4B-00C04F79EFBC}") = "tehtävä14", "tehtävä14\tehtävä14.csproj", "{164E9412-A7AA-0E54-2573-2B4E6854F1E8}"
EndProject
Project("{FAE04EC0-301F-11D3-BF4B-00C04F79EFBC}") = "tehtävä1", "tehtävä1\tehtävä1.csproj", "{AC5E5C87-D20C-A5C4-C169-3454BBA0F7B6}"
EndProject
Project("{FAE04EC0-301F-11D3-BF4B-00C04F79EFBC}") = "tehtävä6", "tehtävä6\tehtävä6.csproj", "{3458021E-032A-33CE-CF00-587EE2B038D0}"
EndProject
Project("{FAE04EC0-301F-11D3-BF4B-00C04F79EFBC}") = "tehtävä8", "tehtävä8\tehtävä8.csproj", "{D636FC54-152C-9AC5-CDB4-E45E81C7AE64}"
EndProject
Project("{FAE04EC0-301F-11D3-BF4B-00C04F79EFBC}") = "tehtävä9", "tehtävä9\tehtävä9.csproj", "{DBA74BBE-5364-72B4-0EC8-502F0CFF4AB0}"
EndProject
Project("{FAE04EC0-301F-11D3-BF4B-00C04F79EFBC}") = "tehtävä7", "tehtävä7\tehtävä7.csproj", "{AF30285A-AEDE-C802-EFF4-EC9EEEA93861}"
EndProject
Project("{FAE04EC0-301F-11D3-BF4B-00C04F79EFBC}") = "tehtävä11", "tehtävä11\tehtävä11.csproj", "{E49051C2-6683-5921-2AF7-98D6E0EEDDB4}"
EndProject
Project("{FAE04EC0-301F-11D3-BF4B-00C04F79EFBC}") = "tehtävä16", "tehtävä16\tehtävä16.csproj", "{A06AC520-72BC-9DC0-4E63-36EC43773D84}"
EndProject
Project("{FAE04EC0-301F-11D3-BF4B-00C04F79EFBC}") = "tehtävä20", "tehtävä20\tehtävä20.csproj", "{2AE0D863-FFA4-274D-6EE6-A2E8BAF24C3F}"
EndProject
Project("{FAE04EC0-301F-11D3-BF4B-00C04F79EFBC}") = "tehtävä18", "tehtävä18\tehtävä18.csproj", "{29163BF4-FF34-1898-2613-CCFA896D46F4}"
EndProject
Project("{FAE04EC0-301F-11D3-BF4B-00C04F79EFBC}") = "tehtävä26", "tehtävä26\tehtävä26.csproj", "{DDE512DE-6980-186A-4E8D-662E0C6E484A}"
EndProject
Project("{FAE04EC0-301F-11D3-BF4B-00C04F79EFBC}") = "tehtävä19", "tehtävä19\tehtävä19.csproj", "{6E00E324-42D2-4F89-9550-3A29E0977C5A}"
EndProject
Project("{FAE04EC0-301F-11D3-BF4B-00C04F79EFBC}") = "tehtävä21", "tehtävä21\tehtävä21.csproj", "{4ABF270B-3856-9BED-AF1F-52C913D51868}"
EndProject
Project("{FAE04EC0-301F-11D3-BF4B-00C04F79EFBC}") = "tehtävä17", "tehtävä17\tehtävä17.csproj", "{8B1909A5-6108-6FFB-8B9D-1937E8ABC80B}"
EndProject
Project("{FAE04EC0-301F-11D3-BF4B-00C04F79EFBC}") = "tehtävä10", "tehtävä10\tehtävä10.csproj", "{6C708D86-57C7-1B76-50F0-4FA7DA4E13F1}"
EndProject
Project("{FAE04EC0-301F-11D3-BF4B-00C04F79EFBC}") = "kortit", "kortit\kortit.csproj", "{3B197199-B0A0-FF66-02EE-ED1DE75934FE}"
EndProject
Project("{FAE04EC0-301F-11D3-BF4B-00C04F79EFBC}") = "tehtävä5", "tehtävä5\tehtävä5.csproj", "{560E1A24-08F5-E797-8C11-0E2D36B3E5F4}"
EndProject
Project("{FAE04EC0-301F-11D3-BF4B-00C04F79EFBC}") = "tehtävä2", "tehtävä2\tehtävä2.csproj", "{575EA449-A4BC-34EC-F067-1D9A786323E9}"
EndProject
Project("{FAE04EC0-301F-11D3-BF4B-00C04F79EFBC}") = "tehtävä3", "tehtävä3\tehtävä3.csproj", "{012EA800-EFB5-1857-C579-B6894BAB52BF}"
EndProject
Project("{FAE04EC0-301F-11D3-BF4B-00C04F79EFBC}") = "tehtävä4", "tehtävä4\tehtävä4.csproj", "{9731C50D-7E1D-F8CB-4599-CD0F56237786}"
EndProject
Global
	GlobalSection(SolutionConfigurationPlatforms) = preSolution
		Debug|Any CPU = Debug|Any CPU
		Release|Any CPU = Release|Any CPU
	EndGlobalSection
	GlobalSection(ProjectConfigurationPlatforms) = postSolution
		{ED40463B-EFF0-B621-9831-AECF93B31E1B}.Debug|Any CPU.ActiveCfg = Debug|Any CPU
		{ED40463B-EFF0-B621-9831-AECF93B31E1B}.Debug|Any CPU.Build.0 = Debug|Any CPU
		{ED40463B-EFF0-B621-9831-AECF93B31E1B}.Release|Any CPU.ActiveCfg = Release|Any CPU
		{ED40463B-EFF0-B621-9831-AECF93B31E1B}.Release|Any CPU.Build.0 = Release|Any CPU
		{F34AD901-2B39-8AA4-F753-5CE5AFFBFFF0}.Debug|Any CPU.ActiveCfg = Debug|Any CPU
		{F34AD901-2B39-8AA4-F753-5CE5AFFBFFF0}.Debug|Any CPU.Build.0 = Debug|Any CPU
		{F34AD901-2B39-8AA4-F753-5CE5AFFBFFF0}.Release|Any CPU.ActiveCfg = Release|Any CPU
		{F34AD901-2B39-8AA4-F753-5CE5AFFBFFF0}.Release|Any CPU.Build.0 = Release|Any CPU
		{6A181A51-7EAB-5842-060C-B35E41CA6773}.Debug|Any CPU.ActiveCfg = Debug|Any CPU
		{6A181A51-7EAB-5842-060C-B35E41CA6773}.Debug|Any CPU.Build.0 = Debug|Any CPU
		{6A181A51-7EAB-5842-060C-B35E41CA6773}.Release|Any CPU.ActiveCfg = Release|Any CPU
		{6A181A51-7EAB-5842-060C-B35E41CA6773}.Release|Any CPU.Build.0 = Release|Any CPU
		{B8ABD9E6-2208-3FD7-6A82-51A98221D454}.Debug|Any CPU.ActiveCfg = Debug|Any CPU
		{B8ABD9E6-2208-3FD7-6A82-51A98221D454}.Debug|Any CPU.Build.0 = Debug|Any CPU
		{B8ABD9E6-2208-3FD7-6A82-51A98221D454}.Release|Any CPU.ActiveCfg = Release|Any CPU
		{B8ABD9E6-2208-3FD7-6A82-51A98221D454}.Release|Any CPU.Build.0 = Release|Any CPU
		{FBAEEF77-FDFB-2F06-94CF-DEEF81FE5D6A}.Debug|Any CPU.ActiveCfg = Debug|Any CPU
		{FBAEEF77-FDFB-2F06-94CF-DEEF81FE5D6A}.Debug|Any CPU.Build.0 = Debug|Any CPU
		{FBAEEF77-FDFB-2F06-94CF-DEEF81FE5D6A}.Release|Any CPU.ActiveCfg = Release|Any CPU
		{FBAEEF77-FDFB-2F06-94CF-DEEF81FE5D6A}.Release|Any CPU.Build.0 = Release|Any CPU
		{781680FF-8EBA-4BCD-BB80-10FA1A1FEDE4}.Debug|Any CPU.ActiveCfg = Debug|Any CPU
		{781680FF-8EBA-4BCD-BB80-10FA1A1FEDE4}.Debug|Any CPU.Build.0 = Debug|Any CPU
		{781680FF-8EBA-4BCD-BB80-10FA1A1FEDE4}.Release|Any CPU.ActiveCfg = Release|Any CPU
		{781680FF-8EBA-4BCD-BB80-10FA1A1FEDE4}.Release|Any CPU.Build.0 = Release|Any CPU
		{3518DD8E-77E0-1FC1-DB3C-CE7C16B8A1F8}.Debug|Any CPU.ActiveCfg = Debug|Any CPU
		{3518DD8E-77E0-1FC1-DB3C-CE7C16B8A1F8}.Debug|Any CPU.Build.0 = Debug|Any CPU
		{3518DD8E-77E0-1FC1-DB3C-CE7C16B8A1F8}.Release|Any CPU.ActiveCfg = Release|Any CPU
		{3518DD8E-77E0-1FC1-DB3C-CE7C16B8A1F8}.Release|Any CPU.Build.0 = Release|Any CPU
		{164E9412-A7AA-0E54-2573-2B4E6854F1E8}.Debug|Any CPU.ActiveCfg = Debug|Any CPU
		{164E9412-A7AA-0E54-2573-2B4E6854F1E8}.Debug|Any CPU.Build.0 = Debug|Any CPU
		{164E9412-A7AA-0E54-2573-2B4E6854F1E8}.Release|Any CPU.ActiveCfg = Release|Any CPU
		{164E9412-A7AA-0E54-2573-2B4E6854F1E8}.Release|Any CPU.Build.0 = Release|Any CPU
		{AC5E5C87-D20C-A5C4-C169-3454BBA0F7B6}.Debug|Any CPU.ActiveCfg = Debug|Any CPU
		{AC5E5C87-D20C-A5C4-C169-3454BBA0F7B6}.Debug|Any CPU.Build.0 = Debug|Any CPU
		{AC5E5C87-D20C-A5C4-C169-3454BBA0F7B6}.Release|Any CPU.ActiveCfg = Release|Any CPU
		{AC5E5C87-D20C-A5C4-C169-3454BBA0F7B6}.Release|Any CPU.Build.0 = Release|Any CPU
		{3458021E-032A-33CE-CF00-587EE2B038D0}.Debug|Any CPU.ActiveCfg = Debug|Any CPU
		{3458021E-032A-33CE-CF00-587EE2B038D0}.Debug|Any CPU.Build.0 = Debug|Any CPU
		{3458021E-032A-33CE-CF00-587EE2B038D0}.Release|Any CPU.ActiveCfg = Release|Any CPU
		{3458021E-032A-33CE-CF00-587EE2B038D0}.Release|Any CPU.Build.0 = Release|Any CPU
		{D636FC54-152C-9AC5-CDB4-E45E81C7AE64}.Debug|Any CPU.ActiveCfg = Debug|Any CPU
		{D636FC54-152C-9AC5-CDB4-E45E81C7AE64}.Debug|Any CPU.Build.0 = Debug|Any CPU
		{D636FC54-152C-9AC5-CDB4-E45E81C7AE64}.Release|Any CPU.ActiveCfg = Release|Any CPU
		{D636FC54-152C-9AC5-CDB4-E45E81C7AE64}.Release|Any CPU.Build.0 = Release|Any CPU
		{DBA74BBE-5364-72B4-0EC8-502F0CFF4AB0}.Debug|Any CPU.ActiveCfg = Debug|Any CPU
		{DBA74BBE-5364-72B4-0EC8-502F0CFF4AB0}.Debug|Any CPU.Build.0 = Debug|Any CPU
		{DBA74BBE-5364-72B4-0EC8-502F0CFF4AB0}.Release|Any CPU.ActiveCfg = Release|Any CPU
		{DBA74BBE-5364-72B4-0EC8-502F0CFF4AB0}.Release|Any CPU.Build.0 = Release|Any CPU
		{AF30285A-AEDE-C802-EFF4-EC9EEEA93861}.Debug|Any CPU.ActiveCfg = Debug|Any CPU
		{AF30285A-AEDE-C802-EFF4-EC9EEEA93861}.Debug|Any CPU.Build.0 = Debug|Any CPU
		{AF30285A-AEDE-C802-EFF4-EC9EEEA93861}.Release|Any CPU.ActiveCfg = Release|Any CPU
		{AF30285A-AEDE-C802-EFF4-EC9EEEA93861}.Release|Any CPU.Build.0 = Release|Any CPU
		{E49051C2-6683-5921-2AF7-98D6E0EEDDB4}.Debug|Any CPU.ActiveCfg = Debug|Any CPU
		{E49051C2-6683-5921-2AF7-98D6E0EEDDB4}.Debug|Any CPU.Build.0 = Debug|Any CPU
		{E49051C2-6683-5921-2AF7-98D6E0EEDDB4}.Release|Any CPU.ActiveCfg = Release|Any CPU
		{E49051C2-6683-5921-2AF7-98D6E0EEDDB4}.Release|Any CPU.Build.0 = Release|Any CPU
		{A06AC520-72BC-9DC0-4E63-36EC43773D84}.Debug|Any CPU.ActiveCfg = Debug|Any CPU
		{A06AC520-72BC-9DC0-4E63-36EC43773D84}.Debug|Any CPU.Build.0 = Debug|Any CPU
		{A06AC520-72BC-9DC0-4E63-36EC43773D84}.Release|Any CPU.ActiveCfg = Release|Any CPU
		{A06AC520-72BC-9DC0-4E63-36EC43773D84}.Release|Any CPU.Build.0 = Release|Any CPU
		{2AE0D863-FFA4-274D-6EE6-A2E8BAF24C3F}.Debug|Any CPU.ActiveCfg = Debug|Any CPU
		{2AE0D863-FFA4-274D-6EE6-A2E8BAF24C3F}.Debug|Any CPU.Build.0 = Debug|Any CPU
		{2AE0D863-FFA4-274D-6EE6-A2E8BAF24C3F}.Release|Any CPU.ActiveCfg = Release|Any CPU
		{2AE0D863-FFA4-274D-6EE6-A2E8BAF24C3F}.Release|Any CPU.Build.0 = Release|Any CPU
		{29163BF4-FF34-1898-2613-CCFA896D46F4}.Debug|Any CPU.ActiveCfg = Debug|Any CPU
		{29163BF4-FF34-1898-2613-CCFA896D46F4}.Debug|Any CPU.Build.0 = Debug|Any CPU
		{29163BF4-FF34-1898-2613-CCFA896D46F4}.Release|Any CPU.ActiveCfg = Release|Any CPU
		{29163BF4-FF34-1898-2613-CCFA896D46F4}.Release|Any CPU.Build.0 = Release|Any CPU
		{DDE512DE-6980-186A-4E8D-662E0C6E484A}.Debug|Any CPU.ActiveCfg = Debug|Any CPU
		{DDE512DE-6980-186A-4E8D-662E0C6E484A}.Debug|Any CPU.Build.0 = Debug|Any CPU
		{DDE512DE-6980-186A-4E8D-662E0C6E484A}.Release|Any CPU.ActiveCfg = Release|Any CPU
		{DDE512DE-6980-186A-4E8D-662E0C6E484A}.Release|Any CPU.Build.0 = Release|Any CPU
		{6E00E324-42D2-4F89-9550-3A29E0977C5A}.Debug|Any CPU.ActiveCfg = Debug|Any CPU
		{6E00E324-42D2-4F89-9550-3A29E0977C5A}.Debug|Any CPU.Build.0 = Debug|Any CPU
		{6E00E324-42D2-4F89-9550-3A29E0977C5A}.Release|Any CPU.ActiveCfg = Release|Any CPU
		{6E00E324-42D2-4F89-9550-3A29E0977C5A}.Release|Any CPU.Build.0 = Release|Any CPU
		{4ABF270B-3856-9BED-AF1F-52C913D51868}.Debug|Any CPU.ActiveCfg = Debug|Any CPU
		{4ABF270B-3856-9BED-AF1F-52C913D51868}.Debug|Any CPU.Build.0 = Debug|Any CPU
		{4ABF270B-3856-9BED-AF1F-52C913D51868}.Release|Any CPU.ActiveCfg = Release|Any CPU
		{4ABF270B-3856-9BED-AF1F-52C913D51868}.Release|Any CPU.Build.0 = Release|Any CPU
		{8B1909A5-6108-6FFB-8B9D-1937E8ABC80B}.Debug|Any CPU.ActiveCfg = Debug|Any CPU
		{8B1909A5-6108-6FFB-8B9D-1937E8ABC80B}.Debug|Any CPU.Build.0 = Debug|Any CPU
		{8B1909A5-6108-6FFB-8B9D-1937E8ABC80B}.Release|Any CPU.ActiveCfg = Release|Any CPU
		{8B1909A5-6108-6FFB-8B9D-1937E8ABC80B}.Release|Any CPU.Build.0 = Release|Any CPU
		{6C708D86-57C7-1B76-50F0-4FA7DA4E13F1}.Debug|Any CPU.ActiveCfg = Debug|Any CPU
		{6C708D86-57C7-1B76-50F0-4FA7DA4E13F1}.Debug|Any CPU.Build.0 = Debug|Any CPU
		{6C708D86-57C7-1B76-50F0-4FA7DA4E13F1}.Release|Any CPU.ActiveCfg = Release|Any CPU
		{6C708D86-57C7-1B76-50F0-4FA7DA4E13F1}.Release|Any CPU.Build.0 = Release|Any CPU
		{3B197199-B0A0-FF66-02EE-ED1DE75934FE}.Debug|Any CPU.ActiveCfg = Debug|Any CPU
		{3B197199-B0A0-FF66-02EE-ED1DE75934FE}.Debug|Any CPU.Build.0 = Debug|Any CPU
		{3B197199-B0A0-FF66-02EE-ED1DE75934FE}.Release|Any CPU.ActiveCfg = Release|Any CPU
		{3B197199-B0A0-FF66-02EE-ED1DE75934FE}.Release|Any CPU.Build.0 = Release|Any CPU
		{560E1A24-08F5-E797-8C11-0E2D36B3E5F4}.Debug|Any CPU.ActiveCfg = Debug|Any CPU
		{560E1A24-08F5-E797-8C11-0E2D36B3E5F4}.Debug|Any CPU.Build.0 = Debug|Any CPU
		{560E1A24-08F5-E797-8C11-0E2D36B3E5F4}.Release|Any CPU.ActiveCfg = Release|Any CPU
		{560E1A24-08F5-E797-8C11-0E2D36B3E5F4}.Release|Any CPU.Build.0 = Release|Any CPU
		{575EA449-A4BC-34EC-F067-1D9A786323E9}.Debug|Any CPU.ActiveCfg = Debug|Any CPU
		{575EA449-A4BC-34EC-F067-1D9A786323E9}.Debug|Any CPU.Build.0 = Debug|Any CPU
		{575EA449-A4BC-34EC-F067-1D9A786323E9}.Release|Any CPU.ActiveCfg = Release|Any CPU
		{575EA449-A4BC-34EC-F067-1D9A786323E9}.Release|Any CPU.Build.0 = Release|Any CPU
		{012EA800-EFB5-1857-C579-B6894BAB52BF}.Debug|Any CPU.ActiveCfg = Debug|Any CPU
		{012EA800-EFB5-1857-C579-B6894BAB52BF}.Debug|Any CPU.Build.0 = Debug|Any CPU
		{012EA800-EFB5-1857-C579-B6894BAB52BF}.Release|Any CPU.ActiveCfg = Release|Any CPU
		{012EA800-EFB5-1857-C579-B6894BAB52BF}.Release|Any CPU.Build.0 = Release|Any CPU
		{9731C50D-7E1D-F8CB-4599-CD0F56237786}.Debug|Any CPU.ActiveCfg = Debug|Any CPU
		{9731C50D-7E1D-F8CB-4599-CD0F56237786}.Debug|Any CPU.Build.0 = Debug|Any CPU
		{9731C50D-7E1D-F8CB-4599-CD0F56237786}.Release|Any CPU.ActiveCfg = Release|Any CPU
		{9731C50D-7E1D-F8CB-4599-CD0F56237786}.Release|Any CPU.Build.0 = Release|Any CPU
	EndGlobalSection
	GlobalSection(SolutionProperties) = preSolution
		HideSolutionNode = FALSE
	EndGlobalSection
	GlobalSection(ExtensibilityGlobals) = postSolution
		SolutionGuid = {E2E8E7A8-33AC-4872-9CF5-7F78C1774650}
	EndGlobalSection
EndGlobal
